
Microsoft Visual Studio Solution File, Format Version 12.00
# Visual Studio Version 16
VisualStudioVersion = 16.0.30621.155
MinimumVisualStudioVersion = 10.0.40219.1
Project("{9A19103F-16F7-4668-BE54-9A1E7A4F7556}") = "API", "api\API.csproj", "{C5DA4A3E-92FE-4ED5-8998-16CD834E22DF}"
EndProject
Project("{9A19103F-16F7-4668-BE54-9A1E7A4F7556}") = "BlazorClient", "webapp_blazor\BlazorClient.csproj", "{C99C193E-C34D-4CE9-AC41-427828040934}"
EndProject
Project("{D954291E-2A0B-460D-934E-DC6B0785DB48}") = "Nerdostat.Shared", "shared\Nerdostat.Shared.shproj", "{22C4D92B-598E-47CA-93CE-7F65A54F1C33}"
EndProject
Global
	GlobalSection(SharedMSBuildProjectFiles) = preSolution
		shared\Nerdostat.Shared.projitems*{22c4d92b-598e-47ca-93ce-7f65a54f1c33}*SharedItemsImports = 13
		shared\Nerdostat.Shared.projitems*{c5da4a3e-92fe-4ed5-8998-16cd834e22df}*SharedItemsImports = 5
		shared\Nerdostat.Shared.projitems*{c99c193e-c34d-4ce9-ac41-427828040934}*SharedItemsImports = 5
	EndGlobalSection
	GlobalSection(SolutionConfigurationPlatforms) = preSolution
		Debug|Any CPU = Debug|Any CPU
		Release|Any CPU = Release|Any CPU
	EndGlobalSection
	GlobalSection(ProjectConfigurationPlatforms) = postSolution
		{C5DA4A3E-92FE-4ED5-8998-16CD834E22DF}.Debug|Any CPU.ActiveCfg = Debug|Any CPU
		{C5DA4A3E-92FE-4ED5-8998-16CD834E22DF}.Debug|Any CPU.Build.0 = Debug|Any CPU
		{C5DA4A3E-92FE-4ED5-8998-16CD834E22DF}.Release|Any CPU.ActiveCfg = Release|Any CPU
		{C5DA4A3E-92FE-4ED5-8998-16CD834E22DF}.Release|Any CPU.Build.0 = Release|Any CPU
		{C99C193E-C34D-4CE9-AC41-427828040934}.Debug|Any CPU.ActiveCfg = Debug|Any CPU
		{C99C193E-C34D-4CE9-AC41-427828040934}.Debug|Any CPU.Build.0 = Debug|Any CPU
		{C99C193E-C34D-4CE9-AC41-427828040934}.Release|Any CPU.ActiveCfg = Release|Any CPU
		{C99C193E-C34D-4CE9-AC41-427828040934}.Release|Any CPU.Build.0 = Release|Any CPU
	EndGlobalSection
	GlobalSection(SolutionProperties) = preSolution
		HideSolutionNode = FALSE
	EndGlobalSection
	GlobalSection(ExtensibilityGlobals) = postSolution
		SolutionGuid = {84165B36-4814-486E-A954-3EC8CEB8E219}
	EndGlobalSection
EndGlobal
